{
  "lib/cofhe-contracts": {
    "tag": {
      "name": "v0.0.13",
      "rev": "d41a6279600cf8c34878d0195488cfcfcee41bdc"
    }
  },
  "lib/cofhe-mock-contracts": {
    "tag": {
      "name": "v0.3.1",
      "rev": "14e5446de3f130bac92b6cd181a24be4559957a0"
    }
  },
  "lib/forge-std": {
    "tag": {
      "name": "v1.16.2",
      "rev": "bf647bd6046f2f7da30d0c2bf435e5c76a780c1b"
    }
  },
  "lib/openzeppelin-contracts": {
    "tag": {
      "name": "v5.7.0",
      "rev": "cab19933c33c2ad1d4c7a84864a3601dddfd16f3"
    }
  },
  "lib/v4-core": {
    "tag": {
      "name": "v4.0.0",
      "rev": "e50237c43811bd9b526eff40f26772152a42daba"
    }
  },
  "lib/v4-periphery": {
    "rev": "07336f2144f522874e2c3c85e04d1d3f8d5fa471"
  }
}